// !$*UTF8*$!
{
	archiveVersion = 1;
	classes = {
	};
	objectVersion = 50;
	objects = {

/* Begin PBXBuildFile section */
		7FB5D3852179EF5B00477E6D /* AppDelegate.swift in Sources */ = {isa = PBXBuildFile; fileRef = 7FB5D3842179EF5B00477E6D /* AppDelegate.swift */; };
		7FB5D3872179EF5B00477E6D /* LoadingView.swift in Sources */ = {isa = PBXBuildFile; fileRef = 7FB5D3862179EF5B00477E6D /* LoadingView.swift */; };
		7FB5D38A2179EF5B00477E6D /* Main.storyboard in Resources */ = {isa = PBXBuildFile; fileRef = 7FB5D3882179EF5B00477E6D /* Main.storyboard */; };
		7FB5D38D2179EF5B00477E6D /* KreactMovie.xcdatamodeld in Sources */ = {isa = PBXBuildFile; fileRef = 7FB5D38B2179EF5B00477E6D /* KreactMovie.xcdatamodeld */; };
		7FB5D38F2179EF5C00477E6D /* Assets.xcassets in Resources */ = {isa = PBXBuildFile; fileRef = 7FB5D38E2179EF5C00477E6D /* Assets.xcassets */; };
		7FB5D3922179EF5C00477E6D /* LaunchScreen.storyboard in Resources */ = {isa = PBXBuildFile; fileRef = 7FB5D3902179EF5C00477E6D /* LaunchScreen.storyboard */; };
		7FB5D39D2179EF5C00477E6D /* KreactMovieTests.swift in Sources */ = {isa = PBXBuildFile; fileRef = 7FB5D39C2179EF5C00477E6D /* KreactMovieTests.swift */; };
		7FB5D3A82179EF5C00477E6D /* KreactMovieUITests.swift in Sources */ = {isa = PBXBuildFile; fileRef = 7FB5D3A72179EF5C00477E6D /* KreactMovieUITests.swift */; };
		7FB5D3B92179F4A200477E6D /* APIManager.swift in Sources */ = {isa = PBXBuildFile; fileRef = 7FB5D3B82179F4A200477E6D /* APIManager.swift */; };
		7FB5D3BB217A04D000477E6D /* Movie.swift in Sources */ = {isa = PBXBuildFile; fileRef = 7FB5D3BA217A04D000477E6D /* Movie.swift */; };
		7FB5D3BD217A091600477E6D /* JSONReader.swift in Sources */ = {isa = PBXBuildFile; fileRef = 7FB5D3BC217A091600477E6D /* JSONReader.swift */; };
		7FB5D3C0217A18D500477E6D /* BoxOfficePageViewController.swift in Sources */ = {isa = PBXBuildFile; fileRef = 7FB5D3BF217A18D500477E6D /* BoxOfficePageViewController.swift */; };
		7FB5D3C2217A270400477E6D /* SearchBarView.swift in Sources */ = {isa = PBXBuildFile; fileRef = 7FB5D3C1217A270400477E6D /* SearchBarView.swift */; };
		7FB5D3C4217A2BCE00477E6D /* MoviesTableView.swift in Sources */ = {isa = PBXBuildFile; fileRef = 7FB5D3C3217A2BCE00477E6D /* MoviesTableView.swift */; };
		7FB5D3C6217A2E0C00477E6D /* MovieCustomCellTableViewCell.swift in Sources */ = {isa = PBXBuildFile; fileRef = 7FB5D3C5217A2E0C00477E6D /* MovieCustomCellTableViewCell.swift */; };
/* End PBXBuildFile section */

/* Begin PBXContainerItemProxy section */
		7FB5D3992179EF5C00477E6D /* PBXContainerItemProxy */ = {
			isa = PBXContainerItemProxy;
			containerPortal = 7FB5D3792179EF5A00477E6D /* Project object */;
			proxyType = 1;
			remoteGlobalIDString = 7FB5D3802179EF5A00477E6D;
			remoteInfo = KreactMovie;
		};
		7FB5D3A42179EF5C00477E6D /* PBXContainerItemProxy */ = {
			isa = PBXContainerItemProxy;
			containerPortal = 7FB5D3792179EF5A00477E6D /* Project object */;
			proxyType = 1;
			remoteGlobalIDString = 7FB5D3802179EF5A00477E6D;
			remoteInfo = KreactMovie;
		};
/* End PBXContainerItemProxy section */

/* Begin PBXFileReference section */
		7FB5D3812179EF5A00477E6D /* KreactMovie.app */ = {isa = PBXFileReference; explicitFileType = wrapper.application; includeInIndex = 0; path = KreactMovie.app; sourceTree = BUILT_PRODUCTS_DIR; };
		7FB5D3842179EF5B00477E6D /* AppDelegate.swift */ = {isa = PBXFileReference; lastKnownFileType = sourcecode.swift; path = AppDelegate.swift; sourceTree = "<group>"; };
		7FB5D3862179EF5B00477E6D /* LoadingView.swift */ = {isa = PBXFileReference; lastKnownFileType = sourcecode.swift; path = LoadingView.swift; sourceTree = "<group>"; };
		7FB5D3892179EF5B00477E6D /* Base */ = {isa = PBXFileReference; lastKnownFileType = file.storyboard; name = Base; path = Base.lproj/Main.storyboard; sourceTree = "<group>"; };
		7FB5D38C2179EF5B00477E6D /* KreactMovie.xcdatamodel */ = {isa = PBXFileReference; lastKnownFileType = wrapper.xcdatamodel; path = KreactMovie.xcdatamodel; sourceTree = "<group>"; };
		7FB5D38E2179EF5C00477E6D /* Assets.xcassets */ = {isa = PBXFileReference; lastKnownFileType = folder.assetcatalog; path = Assets.xcassets; sourceTree = "<group>"; };
		7FB5D3912179EF5C00477E6D /* Base */ = {isa = PBXFileReference; lastKnownFileType = file.storyboard; name = Base; path = Base.lproj/LaunchScreen.storyboard; sourceTree = "<group>"; };
		7FB5D3932179EF5C00477E6D /* Info.plist */ = {isa = PBXFileReference; lastKnownFileType = text.plist.xml; path = Info.plist; sourceTree = "<group>"; };
		7FB5D3982179EF5C00477E6D /* KreactMovieTests.xctest */ = {isa = PBXFileReference; explicitFileType = wrapper.cfbundle; includeInIndex = 0; path = KreactMovieTests.xctest; sourceTree = BUILT_PRODUCTS_DIR; };
		7FB5D39C2179EF5C00477E6D /* KreactMovieTests.swift */ = {isa = PBXFileReference; lastKnownFileType = sourcecode.swift; path = KreactMovieTests.swift; sourceTree = "<group>"; };
		7FB5D39E2179EF5C00477E6D /* Info.plist */ = {isa = PBXFileReference; lastKnownFileType = text.plist.xml; path = Info.plist; sourceTree = "<group>"; };
		7FB5D3A32179EF5C00477E6D /* KreactMovieUITests.xctest */ = {isa = PBXFileReference; explicitFileType = wrapper.cfbundle; includeInIndex = 0; path = KreactMovieUITests.xctest; sourceTree = BUILT_PRODUCTS_DIR; };
		7FB5D3A72179EF5C00477E6D /* KreactMovieUITests.swift */ = {isa = PBXFileReference; lastKnownFileType = sourcecode.swift; path = KreactMovieUITests.swift; sourceTree = "<group>"; };
		7FB5D3A92179EF5C00477E6D /* Info.plist */ = {isa = PBXFileReference; lastKnownFileType = text.plist.xml; path = Info.plist; sourceTree = "<group>"; };
		7FB5D3B82179F4A200477E6D /* APIManager.swift */ = {isa = PBXFileReference; lastKnownFileType = sourcecode.swift; path = APIManager.swift; sourceTree = "<group>"; };
		7FB5D3BA217A04D000477E6D /* Movie.swift */ = {isa = PBXFileReference; lastKnownFileType = sourcecode.swift; path = Movie.swift; sourceTree = "<group>"; };
		7FB5D3BC217A091600477E6D /* JSONReader.swift */ = {isa = PBXFileReference; lastKnownFileType = sourcecode.swift; path = JSONReader.swift; sourceTree = "<group>"; };
		7FB5D3BF217A18D500477E6D /* BoxOfficePageViewController.swift */ = {isa = PBXFileReference; lastKnownFileType = sourcecode.swift; path = BoxOfficePageViewController.swift; sourceTree = "<group>"; };
		7FB5D3C1217A270400477E6D /* SearchBarView.swift */ = {isa = PBXFileReference; lastKnownFileType = sourcecode.swift; path = SearchBarView.swift; sourceTree = "<group>"; };
		7FB5D3C3217A2BCE00477E6D /* MoviesTableView.swift */ = {isa = PBXFileReference; lastKnownFileType = sourcecode.swift; path = MoviesTableView.swift; sourceTree = "<group>"; };
		7FB5D3C5217A2E0C00477E6D /* MovieCustomCellTableViewCell.swift */ = {isa = PBXFileReference; lastKnownFileType = sourcecode.swift; path = MovieCustomCellTableViewCell.swift; sourceTree = "<group>"; };
/* End PBXFileReference section */

/* Begin PBXFrameworksBuildPhase section */
		7FB5D37E2179EF5A00477E6D /* Frameworks */ = {
			isa = PBXFrameworksBuildPhase;
			buildActionMask = 2147483647;
			files = (
			);
			runOnlyForDeploymentPostprocessing = 0;
		};
		7FB5D3952179EF5C00477E6D /* Frameworks */ = {
			isa = PBXFrameworksBuildPhase;
			buildActionMask = 2147483647;
			files = (
			);
			runOnlyForDeploymentPostprocessing = 0;
		};
		7FB5D3A02179EF5C00477E6D /* Frameworks */ = {
			isa = PBXFrameworksBuildPhase;
			buildActionMask = 2147483647;
			files = (
			);
			runOnlyForDeploymentPostprocessing = 0;
		};
/* End PBXFrameworksBuildPhase section */

/* Begin PBXGroup section */
		7FB5D3782179EF5A00477E6D = {
			isa = PBXGroup;
			children = (
				7FB5D3832179EF5B00477E6D /* KreactMovie */,
				7FB5D39B2179EF5C00477E6D /* KreactMovieTests */,
				7FB5D3A62179EF5C00477E6D /* KreactMovieUITests */,
				7FB5D3822179EF5A00477E6D /* Products */,
			);
			sourceTree = "<group>";
		};
		7FB5D3822179EF5A00477E6D /* Products */ = {
			isa = PBXGroup;
			children = (
				7FB5D3812179EF5A00477E6D /* KreactMovie.app */,
				7FB5D3982179EF5C00477E6D /* KreactMovieTests.xctest */,
				7FB5D3A32179EF5C00477E6D /* KreactMovieUITests.xctest */,
			);
			name = Products;
			sourceTree = "<group>";
		};
		7FB5D3832179EF5B00477E6D /* KreactMovie */ = {
			isa = PBXGroup;
			children = (
				7FB5D3B72179F46C00477E6D /* Views */,
				7FB5D3B62179F46000477E6D /* Models */,
				7FB5D3B52179F45400477E6D /* Controllers */,
				7FB5D3842179EF5B00477E6D /* AppDelegate.swift */,
				7FB5D3882179EF5B00477E6D /* Main.storyboard */,
				7FB5D38E2179EF5C00477E6D /* Assets.xcassets */,
				7FB5D3902179EF5C00477E6D /* LaunchScreen.storyboard */,
				7FB5D3932179EF5C00477E6D /* Info.plist */,
				7FB5D38B2179EF5B00477E6D /* KreactMovie.xcdatamodeld */,
			);
			path = KreactMovie;
			sourceTree = "<group>";
		};
		7FB5D39B2179EF5C00477E6D /* KreactMovieTests */ = {
			isa = PBXGroup;
			children = (
				7FB5D39C2179EF5C00477E6D /* KreactMovieTests.swift */,
				7FB5D39E2179EF5C00477E6D /* Info.plist */,
			);
			path = KreactMovieTests;
			sourceTree = "<group>";
		};
		7FB5D3A62179EF5C00477E6D /* KreactMovieUITests */ = {
			isa = PBXGroup;
			children = (
				7FB5D3A72179EF5C00477E6D /* KreactMovieUITests.swift */,
				7FB5D3A92179EF5C00477E6D /* Info.plist */,
			);
			path = KreactMovieUITests;
			sourceTree = "<group>";
		};
		7FB5D3B52179F45400477E6D /* Controllers */ = {
			isa = PBXGroup;
			children = (
				7FB5D3862179EF5B00477E6D /* LoadingView.swift */,
				7FB5D3BF217A18D500477E6D /* BoxOfficePageViewController.swift */,
			);
			path = Controllers;
			sourceTree = "<group>";
		};
		7FB5D3B62179F46000477E6D /* Models */ = {
			isa = PBXGroup;
			children = (
				7FB5D3B82179F4A200477E6D /* APIManager.swift */,
				7FB5D3BA217A04D000477E6D /* Movie.swift */,
				7FB5D3BC217A091600477E6D /* JSONReader.swift */,
			);
			path = Models;
			sourceTree = "<group>";
		};
		7FB5D3B72179F46C00477E6D /* Views */ = {
			isa = PBXGroup;
			children = (
				7FB5D3C1217A270400477E6D /* SearchBarView.swift */,
				7FB5D3C3217A2BCE00477E6D /* MoviesTableView.swift */,
				7FB5D3C5217A2E0C00477E6D /* MovieCustomCellTableViewCell.swift */,
			);
			path = Views;
			sourceTree = "<group>";
		};
/* End PBXGroup section */

/* Begin PBXNativeTarget section */
		7FB5D3802179EF5A00477E6D /* KreactMovie */ = {
			isa = PBXNativeTarget;
			buildConfigurationList = 7FB5D3AC2179EF5C00477E6D /* Build configuration list for PBXNativeTarget "KreactMovie" */;
			buildPhases = (
				7FB5D37D2179EF5A00477E6D /* Sources */,
				7FB5D37E2179EF5A00477E6D /* Frameworks */,
				7FB5D37F2179EF5A00477E6D /* Resources */,
			);
			buildRules = (
			);
			dependencies = (
			);
			name = KreactMovie;
			productName = KreactMovie;
			productReference = 7FB5D3812179EF5A00477E6D /* KreactMovie.app */;
			productType = "com.apple.product-type.application";
		};
		7FB5D3972179EF5C00477E6D /* KreactMovieTests */ = {
			isa = PBXNativeTarget;
			buildConfigurationList = 7FB5D3AF2179EF5C00477E6D /* Build configuration list for PBXNativeTarget "KreactMovieTests" */;
			buildPhases = (
				7FB5D3942179EF5C00477E6D /* Sources */,
				7FB5D3952179EF5C00477E6D /* Frameworks */,
				7FB5D3962179EF5C00477E6D /* Resources */,
			);
			buildRules = (
			);
			dependencies = (
				7FB5D39A2179EF5C00477E6D /* PBXTargetDependency */,
			);
			name = KreactMovieTests;
			productName = KreactMovieTests;
			productReference = 7FB5D3982179EF5C00477E6D /* KreactMovieTests.xctest */;
			productType = "com.apple.product-type.bundle.unit-test";
		};
		7FB5D3A22179EF5C00477E6D /* KreactMovieUITests */ = {
			isa = PBXNativeTarget;
			buildConfigurationList = 7FB5D3B22179EF5C00477E6D /* Build configuration list for PBXNativeTarget "KreactMovieUITests" */;
			buildPhases = (
				7FB5D39F2179EF5C00477E6D /* Sources */,
				7FB5D3A02179EF5C00477E6D /* Frameworks */,
				7FB5D3A12179EF5C00477E6D /* Resources */,
			);
			buildRules = (
			);
			dependencies = (
				7FB5D3A52179EF5C00477E6D /* PBXTargetDependency */,
			);
			name = KreactMovieUITests;
			productName = KreactMovieUITests;
			productReference = 7FB5D3A32179EF5C00477E6D /* KreactMovieUITests.xctest */;
			productType = "com.apple.product-type.bundle.ui-testing";
		};
/* End PBXNativeTarget section */

/* Begin PBXProject section */
		7FB5D3792179EF5A00477E6D /* Project object */ = {
			isa = PBXProject;
			attributes = {
				LastSwiftUpdateCheck = 1000;
				LastUpgradeCheck = 1000;
				ORGANIZATIONNAME = "Pierre Lefebvre";
				TargetAttributes = {
					7FB5D3802179EF5A00477E6D = {
						CreatedOnToolsVersion = 10.0;
					};
					7FB5D3972179EF5C00477E6D = {
						CreatedOnToolsVersion = 10.0;
						TestTargetID = 7FB5D3802179EF5A00477E6D;
					};
					7FB5D3A22179EF5C00477E6D = {
						CreatedOnToolsVersion = 10.0;
						TestTargetID = 7FB5D3802179EF5A00477E6D;
					};
				};
			};
			buildConfigurationList = 7FB5D37C2179EF5A00477E6D /* Build configuration list for PBXProject "KreactMovie" */;
			compatibilityVersion = "Xcode 9.3";
			developmentRegion = en;
			hasScannedForEncodings = 0;
			knownRegions = (
				en,
				Base,
			);
			mainGroup = 7FB5D3782179EF5A00477E6D;
			productRefGroup = 7FB5D3822179EF5A00477E6D /* Products */;
			projectDirPath = "";
			projectRoot = "";
			targets = (
				7FB5D3802179EF5A00477E6D /* KreactMovie */,
				7FB5D3972179EF5C00477E6D /* KreactMovieTests */,
				7FB5D3A22179EF5C00477E6D /* KreactMovieUITests */,
			);
		};
/* End PBXProject section */

/* Begin PBXResourcesBuildPhase section */
		7FB5D37F2179EF5A00477E6D /* Resources */ = {
			isa = PBXResourcesBuildPhase;
			buildActionMask = 2147483647;
			files = (
				7FB5D3922179EF5C00477E6D /* LaunchScreen.storyboard in Resources */,
				7FB5D38F2179EF5C00477E6D /* Assets.xcassets in Resources */,
				7FB5D38A2179EF5B00477E6D /* Main.storyboard in Resources */,
			);
			runOnlyForDeploymentPostprocessing = 0;
		};
		7FB5D3962179EF5C00477E6D /* Resources */ = {
			isa = PBXResourcesBuildPhase;
			buildActionMask = 2147483647;
			files = (
			);
			runOnlyForDeploymentPostprocessing = 0;
		};
		7FB5D3A12179EF5C00477E6D /* Resources */ = {
			isa = PBXResourcesBuildPhase;
			buildActionMask = 2147483647;
			files = (
			);
			runOnlyForDeploymentPostprocessing = 0;
		};
/* End PBXResourcesBuildPhase section */

/* Begin PBXSourcesBuildPhase section */
		7FB5D37D2179EF5A00477E6D /* Sources */ = {
			isa = PBXSourcesBuildPhase;
			buildActionMask = 2147483647;
			files = (
				7FB5D3BD217A091600477E6D /* JSONReader.swift in Sources */,
				7FB5D3B92179F4A200477E6D /* APIManager.swift in Sources */,
				7FB5D3C0217A18D500477E6D /* BoxOfficePageViewController.swift in Sources */,
				7FB5D3C4217A2BCE00477E6D /* MoviesTableView.swift in Sources */,
				7FB5D3872179EF5B00477E6D /* LoadingView.swift in Sources */,
				7FB5D3C6217A2E0C00477E6D /* MovieCustomCellTableViewCell.swift in Sources */,
				7FB5D3C2217A270400477E6D /* SearchBarView.swift in Sources */,
				7FB5D3852179EF5B00477E6D /* AppDelegate.swift in Sources */,
				7FB5D38D2179EF5B00477E6D /* KreactMovie.xcdatamodeld in Sources */,
				7FB5D3BB217A04D000477E6D /* Movie.swift in Sources */,
			);
			runOnlyForDeploymentPostprocessing = 0;
		};
		7FB5D3942179EF5C00477E6D /* Sources */ = {
			isa = PBXSourcesBuildPhase;
			buildActionMask = 2147483647;
			files = (
				7FB5D39D2179EF5C00477E6D /* KreactMovieTests.swift in Sources */,
			);
			runOnlyForDeploymentPostprocessing = 0;
		};
		7FB5D39F2179EF5C00477E6D /* Sources */ = {
			isa = PBXSourcesBuildPhase;
			buildActionMask = 2147483647;
			files = (
				7FB5D3A82179EF5C00477E6D /* KreactMovieUITests.swift in Sources */,
			);
			runOnlyForDeploymentPostprocessing = 0;
		};
/* End PBXSourcesBuildPhase section */

/* Begin PBXTargetDependency section */
		7FB5D39A2179EF5C00477E6D /* PBXTargetDependency */ = {
			isa = PBXTargetDependency;
			target = 7FB5D3802179EF5A00477E6D /* KreactMovie */;
			targetProxy = 7FB5D3992179EF5C00477E6D /* PBXContainerItemProxy */;
		};
		7FB5D3A52179EF5C00477E6D /* PBXTargetDependency */ = {
			isa = PBXTargetDependency;
			target = 7FB5D3802179EF5A00477E6D /* KreactMovie */;
			targetProxy = 7FB5D3A42179EF5C00477E6D /* PBXContainerItemProxy */;
		};
/* End PBXTargetDependency section */

/* Begin PBXVariantGroup section */
		7FB5D3882179EF5B00477E6D /* Main.storyboard */ = {
			isa = PBXVariantGroup;
			children = (
				7FB5D3892179EF5B00477E6D /* Base */,
			);
			name = Main.storyboard;
			sourceTree = "<group>";
		};
		7FB5D3902179EF5C00477E6D /* LaunchScreen.storyboard */ = {
			isa = PBXVariantGroup;
			children = (
				7FB5D3912179EF5C00477E6D /* Base */,
			);
			name = LaunchScreen.storyboard;
			sourceTree = "<group>";
		};
/* End PBXVariantGroup section */

/* Begin XCBuildConfiguration section */
		7FB5D3AA2179EF5C00477E6D /* Debug */ = {
			isa = XCBuildConfiguration;
			buildSettings = {
				ALWAYS_SEARCH_USER_PATHS = NO;
				CLANG_ANALYZER_NONNULL = YES;
				CLANG_ANALYZER_NUMBER_OBJECT_CONVERSION = YES_AGGRESSIVE;
				CLANG_CXX_LANGUAGE_STANDARD = "gnu++14";
				CLANG_CXX_LIBRARY = "libc++";
				CLANG_ENABLE_MODULES = YES;
				CLANG_ENABLE_OBJC_ARC = YES;
				CLANG_ENABLE_OBJC_WEAK = YES;
				CLANG_WARN_BLOCK_CAPTURE_AUTORELEASING = YES;
				CLANG_WARN_BOOL_CONVERSION = YES;
				CLANG_WARN_COMMA = YES;
				CLANG_WARN_CONSTANT_CONVERSION = YES;
				CLANG_WARN_DEPRECATED_OBJC_IMPLEMENTATIONS = YES;
				CLANG_WARN_DIRECT_OBJC_ISA_USAGE = YES_ERROR;
				CLANG_WARN_DOCUMENTATION_COMMENTS = YES;
				CLANG_WARN_EMPTY_BODY = YES;
				CLANG_WARN_ENUM_CONVERSION = YES;
				CLANG_WARN_INFINITE_RECURSION = YES;
				CLANG_WARN_INT_CONVERSION = YES;
				CLANG_WARN_NON_LITERAL_NULL_CONVERSION = YES;
				CLANG_WARN_OBJC_IMPLICIT_RETAIN_SELF = YES;
				CLANG_WARN_OBJC_LITERAL_CONVERSION = YES;
				CLANG_WARN_OBJC_ROOT_CLASS = YES_ERROR;
				CLANG_WARN_RANGE_LOOP_ANALYSIS = YES;
				CLANG_WARN_STRICT_PROTOTYPES = YES;
				CLANG_WARN_SUSPICIOUS_MOVE = YES;
				CLANG_WARN_UNGUARDED_AVAILABILITY = YES_AGGRESSIVE;
				CLANG_WARN_UNREACHABLE_CODE = YES;
				CLANG_WARN__DUPLICATE_METHOD_MATCH = YES;
				CODE_SIGN_IDENTITY = "iPhone Developer";
				COPY_PHASE_STRIP = NO;
				DEBUG_INFORMATION_FORMAT = dwarf;
				ENABLE_STRICT_OBJC_MSGSEND = YES;
				ENABLE_TESTABILITY = YES;
				GCC_C_LANGUAGE_STANDARD = gnu11;
				GCC_DYNAMIC_NO_PIC = NO;
				GCC_NO_COMMON_BLOCKS = YES;
				GCC_OPTIMIZATION_LEVEL = 0;
				GCC_PREPROCESSOR_DEFINITIONS = (
					"DEBUG=1",
					"$(inherited)",
				);
				GCC_WARN_64_TO_32_BIT_CONVERSION = YES;
				GCC_WARN_ABOUT_RETURN_TYPE = YES_ERROR;
				GCC_WARN_UNDECLARED_SELECTOR = YES;
				GCC_WARN_UNINITIALIZED_AUTOS = YES_AGGRESSIVE;
				GCC_WARN_UNUSED_FUNCTION = YES;
				GCC_WARN_UNUSED_VARIABLE = YES;
				IPHONEOS_DEPLOYMENT_TARGET = 12.0;
				MTL_ENABLE_DEBUG_INFO = INCLUDE_SOURCE;
				MTL_FAST_MATH = YES;
				ONLY_ACTIVE_ARCH = YES;
				SDKROOT = iphoneos;
				SWIFT_ACTIVE_COMPILATION_CONDITIONS = DEBUG;
				SWIFT_OPTIMIZATION_LEVEL = "-Onone";
			};
			name = Debug;
		};
		7FB5D3AB2179EF5C00477E6D /* Release */ = {
			isa = XCBuildConfiguration;
			buildSettings = {
				ALWAYS_SEARCH_USER_PATHS = NO;
				CLANG_ANALYZER_NONNULL = YES;
				CLANG_ANALYZER_NUMBER_OBJECT_CONVERSION = YES_AGGRESSIVE;
				CLANG_CXX_LANGUAGE_STANDARD = "gnu++14";
				CLANG_CXX_LIBRARY = "libc++";
				CLANG_ENABLE_MODULES = YES;
				CLANG_ENABLE_OBJC_ARC = YES;
				CLANG_ENABLE_OBJC_WEAK = YES;
				CLANG_WARN_BLOCK_CAPTURE_AUTORELEASING = YES;
				CLANG_WARN_BOOL_CONVERSION = YES;
				CLANG_WARN_COMMA = YES;
				CLANG_WARN_CONSTANT_CONVERSION = YES;
				CLANG_WARN_DEPRECATED_OBJC_IMPLEMENTATIONS = YES;
				CLANG_WARN_DIRECT_OBJC_ISA_USAGE = YES_ERROR;
				CLANG_WARN_DOCUMENTATION_COMMENTS = YES;
				CLANG_WARN_EMPTY_BODY = YES;
				CLANG_WARN_ENUM_CONVERSION = YES;
				CLANG_WARN_INFINITE_RECURSION = YES;
				CLANG_WARN_INT_CONVERSION = YES;
				CLANG_WARN_NON_LITERAL_NULL_CONVERSION = YES;
				CLANG_WARN_OBJC_IMPLICIT_RETAIN_SELF = YES;
				CLANG_WARN_OBJC_LITERAL_CONVERSION = YES;
				CLANG_WARN_OBJC_ROOT_CLASS = YES_ERROR;
				CLANG_WARN_RANGE_LOOP_ANALYSIS = YES;
				CLANG_WARN_STRICT_PROTOTYPES = YES;
				CLANG_WARN_SUSPICIOUS_MOVE = YES;
				CLANG_WARN_UNGUARDED_AVAILABILITY = YES_AGGRESSIVE;
				CLANG_WARN_UNREACHABLE_CODE = YES;
				CLANG_WARN__DUPLICATE_METHOD_MATCH = YES;
				CODE_SIGN_IDENTITY = "iPhone Developer";
				COPY_PHASE_STRIP = NO;
				DEBUG_INFORMATION_FORMAT = "dwarf-with-dsym";
				ENABLE_NS_ASSERTIONS = NO;
				ENABLE_STRICT_OBJC_MSGSEND = YES;
				GCC_C_LANGUAGE_STANDARD = gnu11;
				GCC_NO_COMMON_BLOCKS = YES;
				GCC_WARN_64_TO_32_BIT_CONVERSION = YES;
				GCC_WARN_ABOUT_RETURN_TYPE = YES_ERROR;
				GCC_WARN_UNDECLARED_SELECTOR = YES;
				GCC_WARN_UNINITIALIZED_AUTOS = YES_AGGRESSIVE;
				GCC_WARN_UNUSED_FUNCTION = YES;
				GCC_WARN_UNUSED_VARIABLE = YES;
				IPHONEOS_DEPLOYMENT_TARGET = 12.0;
				MTL_ENABLE_DEBUG_INFO = NO;
				MTL_FAST_MATH = YES;
				SDKROOT = iphoneos;
				SWIFT_COMPILATION_MODE = wholemodule;
				SWIFT_OPTIMIZATION_LEVEL = "-O";
				VALIDATE_PRODUCT = YES;
			};
			name = Release;
		};
		7FB5D3AD2179EF5C00477E6D /* Debug */ = {
			isa = XCBuildConfiguration;
			buildSettings = {
				ASSETCATALOG_COMPILER_APPICON_NAME = AppIcon;
				CODE_SIGN_STYLE = Automatic;
				DEVELOPMENT_TEAM = NA7Q8886Q6;
				INFOPLIST_FILE = KreactMovie/Info.plist;
				IPHONEOS_DEPLOYMENT_TARGET = 11.0;
				LD_RUNPATH_SEARCH_PATHS = (
					"$(inherited)",
					"@executable_path/Frameworks",
				);
				PRODUCT_BUNDLE_IDENTIFIER = "Pierre-L7.KreactMovie";
				PRODUCT_NAME = "$(TARGET_NAME)";
				SWIFT_VERSION = 4.2;
				TARGETED_DEVICE_FAMILY = "1,2";
			};
			name = Debug;
		};
		7FB5D3AE2179EF5C00477E6D /* Release */ = {
			isa = XCBuildConfiguration;
			buildSettings = {
				ASSETCATALOG_COMPILER_APPICON_NAME = AppIcon;
				CODE_SIGN_STYLE = Automatic;
				DEVELOPMENT_TEAM = NA7Q8886Q6;
				INFOPLIST_FILE = KreactMovie/Info.plist;
				IPHONEOS_DEPLOYMENT_TARGET = 11.0;
				LD_RUNPATH_SEARCH_PATHS = (
					"$(inherited)",
					"@executable_path/Frameworks",
				);
				PRODUCT_BUNDLE_IDENTIFIER = "Pierre-L7.KreactMovie";
				PRODUCT_NAME = "$(TARGET_NAME)";
				SWIFT_VERSION = 4.2;
				TARGETED_DEVICE_FAMILY = "1,2";
			};
			name = Release;
		};
		7FB5D3B02179EF5C00477E6D /* Debug */ = {
			isa = XCBuildConfiguration;
			buildSettings = {
				ALWAYS_EMBED_SWIFT_STANDARD_LIBRARIES = YES;
				BUNDLE_LOADER = "$(TEST_HOST)";
				CODE_SIGN_STYLE = Automatic;
				DEVELOPMENT_TEAM = NA7Q8886Q6;
				INFOPLIST_FILE = KreactMovieTests/Info.plist;
				LD_RUNPATH_SEARCH_PATHS = (
					"$(inherited)",
					"@executable_path/Frameworks",
					"@loader_path/Frameworks",
				);
				PRODUCT_BUNDLE_IDENTIFIER = "Pierre-L7.KreactMovieTests";
				PRODUCT_NAME = "$(TARGET_NAME)";
				SWIFT_VERSION = 4.2;
				TARGETED_DEVICE_FAMILY = "1,2";
				TEST_HOST = "$(BUILT_PRODUCTS_DIR)/KreactMovie.app/KreactMovie";
			};
			name = Debug;
		};
		7FB5D3B12179EF5C00477E6D /* Release */ = {
			isa = XCBuildConfiguration;
			buildSettings = {
				ALWAYS_EMBED_SWIFT_STANDARD_LIBRARIES = YES;
				BUNDLE_LOADER = "$(TEST_HOST)";
				CODE_SIGN_STYLE = Automatic;
				DEVELOPMENT_TEAM = NA7Q8886Q6;
				INFOPLIST_FILE = KreactMovieTests/Info.plist;
				LD_RUNPATH_SEARCH_PATHS = (
					"$(inherited)",
					"@executable_path/Frameworks",
					"@loader_path/Frameworks",
				);
				PRODUCT_BUNDLE_IDENTIFIER = "Pierre-L7.KreactMovieTests";
				PRODUCT_NAME = "$(TARGET_NAME)";
				SWIFT_VERSION = 4.2;
				TARGETED_DEVICE_FAMILY = "1,2";
				TEST_HOST = "$(BUILT_PRODUCTS_DIR)/KreactMovie.app/KreactMovie";
			};
			name = Release;
		};
		7FB5D3B32179EF5C00477E6D /* Debug */ = {
			isa = XCBuildConfiguration;
			buildSettings = {
				ALWAYS_EMBED_SWIFT_STANDARD_LIBRARIES = YES;
				CODE_SIGN_STYLE = Automatic;
				DEVELOPMENT_TEAM = NA7Q8886Q6;
				INFOPLIST_FILE = KreactMovieUITests/Info.plist;
				LD_RUNPATH_SEARCH_PATHS = (
					"$(inherited)",
					"@executable_path/Frameworks",
					"@loader_path/Frameworks",
				);
				PRODUCT_BUNDLE_IDENTIFIER = "Pierre-L7.KreactMovieUITests";
				PRODUCT_NAME = "$(TARGET_NAME)";
				SWIFT_VERSION = 4.2;
				TARGETED_DEVICE_FAMILY = "1,2";
				TEST_TARGET_NAME = KreactMovie;
			};
			name = Debug;
		};
		7FB5D3B42179EF5C00477E6D /* Release */ = {
			isa = XCBuildConfiguration;
			buildSettings = {
				ALWAYS_EMBED_SWIFT_STANDARD_LIBRARIES = YES;
				CODE_SIGN_STYLE = Automatic;
				DEVELOPMENT_TEAM = NA7Q8886Q6;
				INFOPLIST_FILE = KreactMovieUITests/Info.plist;
				LD_RUNPATH_SEARCH_PATHS = (
					"$(inherited)",
					"@executable_path/Frameworks",
					"@loader_path/Frameworks",
				);
				PRODUCT_BUNDLE_IDENTIFIER = "Pierre-L7.KreactMovieUITests";
				PRODUCT_NAME = "$(TARGET_NAME)";
				SWIFT_VERSION = 4.2;
				TARGETED_DEVICE_FAMILY = "1,2";
				TEST_TARGET_NAME = KreactMovie;
			};
			name = Release;
		};
/* End XCBuildConfiguration section */

/* Begin XCConfigurationList section */
		7FB5D37C2179EF5A00477E6D /* Build configuration list for PBXProject "KreactMovie" */ = {
			isa = XCConfigurationList;
			buildConfigurations = (
				7FB5D3AA2179EF5C00477E6D /* Debug */,
				7FB5D3AB2179EF5C00477E6D /* Release */,
			);
			defaultConfigurationIsVisible = 0;
			defaultConfigurationName = Release;
		};
		7FB5D3AC2179EF5C00477E6D /* Build configuration list for PBXNativeTarget "KreactMovie" */ = {
			isa = XCConfigurationList;
			buildConfigurations = (
				7FB5D3AD2179EF5C00477E6D /* Debug */,
				7FB5D3AE2179EF5C00477E6D /* Release */,
			);
			defaultConfigurationIsVisible = 0;
			defaultConfigurationName = Release;
		};
		7FB5D3AF2179EF5C00477E6D /* Build configuration list for PBXNativeTarget "KreactMovieTests" */ = {
			isa = XCConfigurationList;
			buildConfigurations = (
				7FB5D3B02179EF5C00477E6D /* Debug */,
				7FB5D3B12179EF5C00477E6D /* Release */,
			);
			defaultConfigurationIsVisible = 0;
			defaultConfigurationName = Release;
		};
		7FB5D3B22179EF5C00477E6D /* Build configuration list for PBXNativeTarget "KreactMovieUITests" */ = {
			isa = XCConfigurationList;
			buildConfigurations = (
				7FB5D3B32179EF5C00477E6D /* Debug */,
				7FB5D3B42179EF5C00477E6D /* Release */,
			);
			defaultConfigurationIsVisible = 0;
			defaultConfigurationName = Release;
		};
/* End XCConfigurationList section */

/* Begin XCVersionGroup section */
		7FB5D38B2179EF5B00477E6D /* KreactMovie.xcdatamodeld */ = {
			isa = XCVersionGroup;
			children = (
				7FB5D38C2179EF5B00477E6D /* KreactMovie.xcdatamodel */,
			);
			currentVersion = 7FB5D38C2179EF5B00477E6D /* KreactMovie.xcdatamodel */;
			path = KreactMovie.xcdatamodeld;
			sourceTree = "<group>";
			versionGroupType = wrapper.xcdatamodel;
		};
/* End XCVersionGroup section */
	};
	rootObject = 7FB5D3792179EF5A00477E6D /* Project object */;
}
